
Microsoft Visual Studio Solution File, Format Version 12.00
# Visual Studio Version 16
VisualStudioVersion = 16.0.30804.86
MinimumVisualStudioVersion = 10.0.40219.1
Project("{FAE04EC0-301F-11D3-BF4B-00C04F79EFBC}") = "Task003AsyncEnd003", "A011MainPavel001PortN07\Task003AsyncEnd003.csproj", "{1A7CC624-ED10-4355-85A6-252DD77A9119}"
EndProject
Global
	GlobalSection(SolutionConfigurationPlatforms) = preSolution
		Debug|Any CPU = Debug|Any CPU
		Release|Any CPU = Release|Any CPU
	EndGlobalSection
	GlobalSection(ProjectConfigurationPlatforms) = postSolution
		{1A7CC624-ED10-4355-85A6-252DD77A9119}.Debug|Any CPU.ActiveCfg = Debug|Any CPU
		{1A7CC624-ED10-4355-85A6-252DD77A9119}.Debug|Any CPU.Build.0 = Debug|Any CPU
		{1A7CC624-ED10-4355-85A6-252DD77A9119}.Release|Any CPU.ActiveCfg = Release|Any CPU
		{1A7CC624-ED10-4355-85A6-252DD77A9119}.Release|Any CPU.Build.0 = Release|Any CPU
	EndGlobalSection
	GlobalSection(SolutionProperties) = preSolution
		HideSolutionNode = FALSE
	EndGlobalSection
	GlobalSection(ExtensibilityGlobals) = postSolution
		SolutionGuid = {94605012-2CA8-4996-B706-72250E2E061E}
	EndGlobalSection
EndGlobal
